
Microsoft Visual Studio Solution File, Format Version 12.00
# Visual Studio Version 17
VisualStudioVersion = 17.13.35731.43 d17.13
MinimumVisualStudioVersion = 10.0.40219.1
Project("{FAE04EC0-301F-11D3-BF4B-00C04F79EFBC}") = "ConsoleApp1", "ConsoleApp1\ConsoleApp1.csproj", "{55A56309-1E76-46C2-A2B5-8D6BBA6A1AEB}"
EndProject
Global
	GlobalSection(SolutionConfigurationPlatforms) = preSolution
		Debug|Any CPU = Debug|Any CPU
		Release|Any CPU = Release|Any CPU
	EndGlobalSection
	GlobalSection(ProjectConfigurationPlatforms) = postSolution
		{55A56309-1E76-46C2-A2B5-8D6BBA6A1AEB}.Debug|Any CPU.ActiveCfg = Debug|Any CPU
		{55A56309-1E76-46C2-A2B5-8D6BBA6A1AEB}.Debug|Any CPU.Build.0 = Debug|Any CPU
		{55A56309-1E76-46C2-A2B5-8D6BBA6A1AEB}.Release|Any CPU.ActiveCfg = Release|Any CPU
		{55A56309-1E76-46C2-A2B5-8D6BBA6A1AEB}.Release|Any CPU.Build.0 = Release|Any CPU
	EndGlobalSection
	GlobalSection(SolutionProperties) = preSolution
		HideSolutionNode = FALSE
	EndGlobalSection
	GlobalSection(ExtensibilityGlobals) = postSolution
		SolutionGuid = {CED3FE6E-E780-4EB1-BB12-E8E471C534CC}
	EndGlobalSection
EndGlobal
